// !$*UTF8*$!
{
	archiveVersion = 1;
	classes = {
	};
	objectVersion = 51;
	objects = {

/* Begin PBXBuildFile section */
		4E5A1EB359E4B25B2D71B002 /* Pods_SwivelGroupTests.framework in Frameworks */ = {isa = PBXBuildFile; fileRef = 35595D5CEB64C5E204AA216F /* Pods_SwivelGroupTests.framework */; };
		BB517F2A23477EA5001A9824 /* AppDelegate.swift in Sources */ = {isa = PBXBuildFile; fileRef = BB517F2923477EA5001A9824 /* AppDelegate.swift */; };
		BB517F2C23477EA5001A9824 /* ViewController.swift in Sources */ = {isa = PBXBuildFile; fileRef = BB517F2B23477EA5001A9824 /* ViewController.swift */; };
		BB517F2F23477EA5001A9824 /* Main.storyboard in Resources */ = {isa = PBXBuildFile; fileRef = BB517F2D23477EA5001A9824 /* Main.storyboard */; };
		BB517F3223477EA5001A9824 /* SwivelGroup.xcdatamodeld in Sources */ = {isa = PBXBuildFile; fileRef = BB517F3023477EA5001A9824 /* SwivelGroup.xcdatamodeld */; };
		BB517F3423477EA6001A9824 /* Assets.xcassets in Resources */ = {isa = PBXBuildFile; fileRef = BB517F3323477EA6001A9824 /* Assets.xcassets */; };
		BB517F3723477EA6001A9824 /* LaunchScreen.storyboard in Resources */ = {isa = PBXBuildFile; fileRef = BB517F3523477EA6001A9824 /* LaunchScreen.storyboard */; };
		BB517F4223477EA6001A9824 /* SwivelGroupTests.swift in Sources */ = {isa = PBXBuildFile; fileRef = BB517F4123477EA6001A9824 /* SwivelGroupTests.swift */; };
		BB517F4D23477EA6001A9824 /* SwivelGroupUITests.swift in Sources */ = {isa = PBXBuildFile; fileRef = BB517F4C23477EA6001A9824 /* SwivelGroupUITests.swift */; };
		BB517F5C2347A814001A9824 /* Constant.swift in Sources */ = {isa = PBXBuildFile; fileRef = BB517F5B2347A814001A9824 /* Constant.swift */; };
		BB517F5E2347A852001A9824 /* WebHelper.swift in Sources */ = {isa = PBXBuildFile; fileRef = BB517F5D2347A852001A9824 /* WebHelper.swift */; };
		BB517F602347A86B001A9824 /* ServiceRequestorDelegate.swift in Sources */ = {isa = PBXBuildFile; fileRef = BB517F5F2347A86B001A9824 /* ServiceRequestorDelegate.swift */; };
		BB517F622347A88A001A9824 /* WebCommunicator.swift in Sources */ = {isa = PBXBuildFile; fileRef = BB517F612347A88A001A9824 /* WebCommunicator.swift */; };
		BB517F642347A8D9001A9824 /* RealmDataBase.swift in Sources */ = {isa = PBXBuildFile; fileRef = BB517F632347A8D9001A9824 /* RealmDataBase.swift */; };
		BB517F662347AB65001A9824 /* DetailNewsViewController.swift in Sources */ = {isa = PBXBuildFile; fileRef = BB517F652347AB65001A9824 /* DetailNewsViewController.swift */; };
		BB517F692347AE73001A9824 /* DetailWebViewController.swift in Sources */ = {isa = PBXBuildFile; fileRef = BB517F682347AE73001A9824 /* DetailWebViewController.swift */; };
		BB517F6B2348D2E9001A9824 /* DatabaseFunctions.swift in Sources */ = {isa = PBXBuildFile; fileRef = BB517F6A2348D2E9001A9824 /* DatabaseFunctions.swift */; };
		C863FCCD9596215A06BFF1BA /* Pods_SwivelGroupUITests.framework in Frameworks */ = {isa = PBXBuildFile; fileRef = A44CF8E58E89203E6C00FC38 /* Pods_SwivelGroupUITests.framework */; };
		DBDE2B1A7ACB90C4562F3C4C /* Pods_SwivelGroup.framework in Frameworks */ = {isa = PBXBuildFile; fileRef = E799DB57303219B261620DAA /* Pods_SwivelGroup.framework */; };
/* End PBXBuildFile section */

/* Begin PBXContainerItemProxy section */
		BB517F3E23477EA6001A9824 /* PBXContainerItemProxy */ = {
			isa = PBXContainerItemProxy;
			containerPortal = BB517F1E23477EA5001A9824 /* Project object */;
			proxyType = 1;
			remoteGlobalIDString = BB517F2523477EA5001A9824;
			remoteInfo = SwivelGroup;
		};
		BB517F4923477EA6001A9824 /* PBXContainerItemProxy */ = {
			isa = PBXContainerItemProxy;
			containerPortal = BB517F1E23477EA5001A9824 /* Project object */;
			proxyType = 1;
			remoteGlobalIDString = BB517F2523477EA5001A9824;
			remoteInfo = SwivelGroup;
		};
/* End PBXContainerItemProxy section */

/* Begin PBXFileReference section */
		05EDD2AE20812C96F28EE3A6 /* Pods-SwivelGroupUITests.debug.xcconfig */ = {isa = PBXFileReference; includeInIndex = 1; lastKnownFileType = text.xcconfig; name = "Pods-SwivelGroupUITests.debug.xcconfig"; path = "Target Support Files/Pods-SwivelGroupUITests/Pods-SwivelGroupUITests.debug.xcconfig"; sourceTree = "<group>"; };
		28E8989E427A86A91EB43756 /* Pods-SwivelGroup.debug.xcconfig */ = {isa = PBXFileReference; includeInIndex = 1; lastKnownFileType = text.xcconfig; name = "Pods-SwivelGroup.debug.xcconfig"; path = "Target Support Files/Pods-SwivelGroup/Pods-SwivelGroup.debug.xcconfig"; sourceTree = "<group>"; };
		35595D5CEB64C5E204AA216F /* Pods_SwivelGroupTests.framework */ = {isa = PBXFileReference; explicitFileType = wrapper.framework; includeInIndex = 0; path = Pods_SwivelGroupTests.framework; sourceTree = BUILT_PRODUCTS_DIR; };
		7EE19910ED6C185053D6A791 /* Pods-SwivelGroupTests.release.xcconfig */ = {isa = PBXFileReference; includeInIndex = 1; lastKnownFileType = text.xcconfig; name = "Pods-SwivelGroupTests.release.xcconfig"; path = "Target Support Files/Pods-SwivelGroupTests/Pods-SwivelGroupTests.release.xcconfig"; sourceTree = "<group>"; };
		8AFCF525C7CDF70F03A0740F /* Pods-SwivelGroupUITests.release.xcconfig */ = {isa = PBXFileReference; includeInIndex = 1; lastKnownFileType = text.xcconfig; name = "Pods-SwivelGroupUITests.release.xcconfig"; path = "Target Support Files/Pods-SwivelGroupUITests/Pods-SwivelGroupUITests.release.xcconfig"; sourceTree = "<group>"; };
		A1B8D93D9D30BFA62B1B0987 /* Pods-SwivelGroup.release.xcconfig */ = {isa = PBXFileReference; includeInIndex = 1; lastKnownFileType = text.xcconfig; name = "Pods-SwivelGroup.release.xcconfig"; path = "Target Support Files/Pods-SwivelGroup/Pods-SwivelGroup.release.xcconfig"; sourceTree = "<group>"; };
		A44CF8E58E89203E6C00FC38 /* Pods_SwivelGroupUITests.framework */ = {isa = PBXFileReference; explicitFileType = wrapper.framework; includeInIndex = 0; path = Pods_SwivelGroupUITests.framework; sourceTree = BUILT_PRODUCTS_DIR; };
		BB517F2623477EA5001A9824 /* SwivelGroup.app */ = {isa = PBXFileReference; explicitFileType = wrapper.application; includeInIndex = 0; path = SwivelGroup.app; sourceTree = BUILT_PRODUCTS_DIR; };
		BB517F2923477EA5001A9824 /* AppDelegate.swift */ = {isa = PBXFileReference; lastKnownFileType = sourcecode.swift; path = AppDelegate.swift; sourceTree = "<group>"; };
		BB517F2B23477EA5001A9824 /* ViewController.swift */ = {isa = PBXFileReference; lastKnownFileType = sourcecode.swift; path = ViewController.swift; sourceTree = "<group>"; };
		BB517F2E23477EA5001A9824 /* Base */ = {isa = PBXFileReference; lastKnownFileType = file.storyboard; name = Base; path = Base.lproj/Main.storyboard; sourceTree = "<group>"; };
		BB517F3123477EA5001A9824 /* SwivelGroup.xcdatamodel */ = {isa = PBXFileReference; lastKnownFileType = wrapper.xcdatamodel; path = SwivelGroup.xcdatamodel; sourceTree = "<group>"; };
		BB517F3323477EA6001A9824 /* Assets.xcassets */ = {isa = PBXFileReference; lastKnownFileType = folder.assetcatalog; path = Assets.xcassets; sourceTree = "<group>"; };
		BB517F3623477EA6001A9824 /* Base */ = {isa = PBXFileReference; lastKnownFileType = file.storyboard; name = Base; path = Base.lproj/LaunchScreen.storyboard; sourceTree = "<group>"; };
		BB517F3823477EA6001A9824 /* Info.plist */ = {isa = PBXFileReference; lastKnownFileType = text.plist.xml; path = Info.plist; sourceTree = "<group>"; };
		BB517F3D23477EA6001A9824 /* SwivelGroupTests.xctest */ = {isa = PBXFileReference; explicitFileType = wrapper.cfbundle; includeInIndex = 0; path = SwivelGroupTests.xctest; sourceTree = BUILT_PRODUCTS_DIR; };
		BB517F4123477EA6001A9824 /* SwivelGroupTests.swift */ = {isa = PBXFileReference; lastKnownFileType = sourcecode.swift; path = SwivelGroupTests.swift; sourceTree = "<group>"; };
		BB517F4323477EA6001A9824 /* Info.plist */ = {isa = PBXFileReference; lastKnownFileType = text.plist.xml; path = Info.plist; sourceTree = "<group>"; };
		BB517F4823477EA6001A9824 /* SwivelGroupUITests.xctest */ = {isa = PBXFileReference; explicitFileType = wrapper.cfbundle; includeInIndex = 0; path = SwivelGroupUITests.xctest; sourceTree = BUILT_PRODUCTS_DIR; };
		BB517F4C23477EA6001A9824 /* SwivelGroupUITests.swift */ = {isa = PBXFileReference; lastKnownFileType = sourcecode.swift; path = SwivelGroupUITests.swift; sourceTree = "<group>"; };
		BB517F4E23477EA6001A9824 /* Info.plist */ = {isa = PBXFileReference; lastKnownFileType = text.plist.xml; path = Info.plist; sourceTree = "<group>"; };
		BB517F5B2347A814001A9824 /* Constant.swift */ = {isa = PBXFileReference; lastKnownFileType = sourcecode.swift; path = Constant.swift; sourceTree = "<group>"; };
		BB517F5D2347A852001A9824 /* WebHelper.swift */ = {isa = PBXFileReference; lastKnownFileType = sourcecode.swift; path = WebHelper.swift; sourceTree = "<group>"; };
		BB517F5F2347A86B001A9824 /* ServiceRequestorDelegate.swift */ = {isa = PBXFileReference; lastKnownFileType = sourcecode.swift; path = ServiceRequestorDelegate.swift; sourceTree = "<group>"; };
		BB517F612347A88A001A9824 /* WebCommunicator.swift */ = {isa = PBXFileReference; lastKnownFileType = sourcecode.swift; path = WebCommunicator.swift; sourceTree = "<group>"; };
		BB517F632347A8D9001A9824 /* RealmDataBase.swift */ = {isa = PBXFileReference; lastKnownFileType = sourcecode.swift; path = RealmDataBase.swift; sourceTree = "<group>"; };
		BB517F652347AB65001A9824 /* DetailNewsViewController.swift */ = {isa = PBXFileReference; lastKnownFileType = sourcecode.swift; path = DetailNewsViewController.swift; sourceTree = "<group>"; };
		BB517F682347AE73001A9824 /* DetailWebViewController.swift */ = {isa = PBXFileReference; lastKnownFileType = sourcecode.swift; path = DetailWebViewController.swift; sourceTree = "<group>"; };
		BB517F6A2348D2E9001A9824 /* DatabaseFunctions.swift */ = {isa = PBXFileReference; lastKnownFileType = sourcecode.swift; path = DatabaseFunctions.swift; sourceTree = "<group>"; };
		CEAD8E51632D3F3446654E52 /* Pods-SwivelGroupTests.debug.xcconfig */ = {isa = PBXFileReference; includeInIndex = 1; lastKnownFileType = text.xcconfig; name = "Pods-SwivelGroupTests.debug.xcconfig"; path = "Target Support Files/Pods-SwivelGroupTests/Pods-SwivelGroupTests.debug.xcconfig"; sourceTree = "<group>"; };
		E799DB57303219B261620DAA /* Pods_SwivelGroup.framework */ = {isa = PBXFileReference; explicitFileType = wrapper.framework; includeInIndex = 0; path = Pods_SwivelGroup.framework; sourceTree = BUILT_PRODUCTS_DIR; };
/* End PBXFileReference section */

/* Begin PBXFrameworksBuildPhase section */
		BB517F2323477EA5001A9824 /* Frameworks */ = {
			isa = PBXFrameworksBuildPhase;
			buildActionMask = 2147483647;
			files = (
				DBDE2B1A7ACB90C4562F3C4C /* Pods_SwivelGroup.framework in Frameworks */,
			);
			runOnlyForDeploymentPostprocessing = 0;
		};
		BB517F3A23477EA6001A9824 /* Frameworks */ = {
			isa = PBXFrameworksBuildPhase;
			buildActionMask = 2147483647;
			files = (
				4E5A1EB359E4B25B2D71B002 /* Pods_SwivelGroupTests.framework in Frameworks */,
			);
			runOnlyForDeploymentPostprocessing = 0;
		};
		BB517F4523477EA6001A9824 /* Frameworks */ = {
			isa = PBXFrameworksBuildPhase;
			buildActionMask = 2147483647;
			files = (
				C863FCCD9596215A06BFF1BA /* Pods_SwivelGroupUITests.framework in Frameworks */,
			);
			runOnlyForDeploymentPostprocessing = 0;
		};
/* End PBXFrameworksBuildPhase section */

/* Begin PBXGroup section */
		4F1D0D1F9D191C8B9C01D35E /* Pods */ = {
			isa = PBXGroup;
			children = (
				28E8989E427A86A91EB43756 /* Pods-SwivelGroup.debug.xcconfig */,
				A1B8D93D9D30BFA62B1B0987 /* Pods-SwivelGroup.release.xcconfig */,
				CEAD8E51632D3F3446654E52 /* Pods-SwivelGroupTests.debug.xcconfig */,
				7EE19910ED6C185053D6A791 /* Pods-SwivelGroupTests.release.xcconfig */,
				05EDD2AE20812C96F28EE3A6 /* Pods-SwivelGroupUITests.debug.xcconfig */,
				8AFCF525C7CDF70F03A0740F /* Pods-SwivelGroupUITests.release.xcconfig */,
			);
			path = Pods;
			sourceTree = "<group>";
		};
		6889CBFEDDD9A51B540125BB /* Frameworks */ = {
			isa = PBXGroup;
			children = (
				E799DB57303219B261620DAA /* Pods_SwivelGroup.framework */,
				35595D5CEB64C5E204AA216F /* Pods_SwivelGroupTests.framework */,
				A44CF8E58E89203E6C00FC38 /* Pods_SwivelGroupUITests.framework */,
			);
			name = Frameworks;
			sourceTree = "<group>";
		};
		BB517F1D23477EA5001A9824 = {
			isa = PBXGroup;
			children = (
				BB517F2823477EA5001A9824 /* SwivelGroup */,
				BB517F4023477EA6001A9824 /* SwivelGroupTests */,
				BB517F4B23477EA6001A9824 /* SwivelGroupUITests */,
				BB517F2723477EA5001A9824 /* Products */,
				4F1D0D1F9D191C8B9C01D35E /* Pods */,
				6889CBFEDDD9A51B540125BB /* Frameworks */,
			);
			sourceTree = "<group>";
		};
		BB517F2723477EA5001A9824 /* Products */ = {
			isa = PBXGroup;
			children = (
				BB517F2623477EA5001A9824 /* SwivelGroup.app */,
				BB517F3D23477EA6001A9824 /* SwivelGroupTests.xctest */,
				BB517F4823477EA6001A9824 /* SwivelGroupUITests.xctest */,
			);
			name = Products;
			sourceTree = "<group>";
		};
		BB517F2823477EA5001A9824 /* SwivelGroup */ = {
			isa = PBXGroup;
			children = (
				BB517F672347AB6F001A9824 /* ViewControllers */,
				BB517F5A2347A7C9001A9824 /* HelpClasses */,
				BB517F2923477EA5001A9824 /* AppDelegate.swift */,
				BB517F2D23477EA5001A9824 /* Main.storyboard */,
				BB517F3323477EA6001A9824 /* Assets.xcassets */,
				BB517F3523477EA6001A9824 /* LaunchScreen.storyboard */,
				BB517F3823477EA6001A9824 /* Info.plist */,
				BB517F3023477EA5001A9824 /* SwivelGroup.xcdatamodeld */,
			);
			path = SwivelGroup;
			sourceTree = "<group>";
		};
		BB517F4023477EA6001A9824 /* SwivelGroupTests */ = {
			isa = PBXGroup;
			children = (
				BB517F4123477EA6001A9824 /* SwivelGroupTests.swift */,
				BB517F4323477EA6001A9824 /* Info.plist */,
			);
			path = SwivelGroupTests;
			sourceTree = "<group>";
		};
		BB517F4B23477EA6001A9824 /* SwivelGroupUITests */ = {
			isa = PBXGroup;
			children = (
				BB517F4C23477EA6001A9824 /* SwivelGroupUITests.swift */,
				BB517F4E23477EA6001A9824 /* Info.plist */,
			);
			path = SwivelGroupUITests;
			sourceTree = "<group>";
		};
		BB517F5A2347A7C9001A9824 /* HelpClasses */ = {
			isa = PBXGroup;
			children = (
				BB517F5B2347A814001A9824 /* Constant.swift */,
				BB517F5D2347A852001A9824 /* WebHelper.swift */,
				BB517F5F2347A86B001A9824 /* ServiceRequestorDelegate.swift */,
				BB517F612347A88A001A9824 /* WebCommunicator.swift */,
				BB517F632347A8D9001A9824 /* RealmDataBase.swift */,
				BB517F6A2348D2E9001A9824 /* DatabaseFunctions.swift */,
			);
			path = HelpClasses;
			sourceTree = "<group>";
		};
		BB517F672347AB6F001A9824 /* ViewControllers */ = {
			isa = PBXGroup;
			children = (
				BB517F652347AB65001A9824 /* DetailNewsViewController.swift */,
				BB517F2B23477EA5001A9824 /* ViewController.swift */,
				BB517F682347AE73001A9824 /* DetailWebViewController.swift */,
			);
			path = ViewControllers;
			sourceTree = "<group>";
		};
/* End PBXGroup section */

/* Begin PBXNativeTarget section */
		BB517F2523477EA5001A9824 /* SwivelGroup */ = {
			isa = PBXNativeTarget;
			buildConfigurationList = BB517F5123477EA6001A9824 /* Build configuration list for PBXNativeTarget "SwivelGroup" */;
			buildPhases = (
				649DBAECCBB9138A9EE15D74 /* [CP] Check Pods Manifest.lock */,
				BB517F2223477EA5001A9824 /* Sources */,
				BB517F2323477EA5001A9824 /* Frameworks */,
				BB517F2423477EA5001A9824 /* Resources */,
				C601F95CCA38949484A45B1F /* [CP] Embed Pods Frameworks */,
			);
			buildRules = (
			);
			dependencies = (
			);
			name = SwivelGroup;
			productName = SwivelGroup;
			productReference = BB517F2623477EA5001A9824 /* SwivelGroup.app */;
			productType = "com.apple.product-type.application";
		};
		BB517F3C23477EA6001A9824 /* SwivelGroupTests */ = {
			isa = PBXNativeTarget;
			buildConfigurationList = BB517F5423477EA6001A9824 /* Build configuration list for PBXNativeTarget "SwivelGroupTests" */;
			buildPhases = (
				9F7512D7962A07F386AA80A4 /* [CP] Check Pods Manifest.lock */,
				BB517F3923477EA6001A9824 /* Sources */,
				BB517F3A23477EA6001A9824 /* Frameworks */,
				BB517F3B23477EA6001A9824 /* Resources */,
			);
			buildRules = (
			);
			dependencies = (
				BB517F3F23477EA6001A9824 /* PBXTargetDependency */,
			);
			name = SwivelGroupTests;
			productName = SwivelGroupTests;
			productReference = BB517F3D23477EA6001A9824 /* SwivelGroupTests.xctest */;
			productType = "com.apple.product-type.bundle.unit-test";
		};
		BB517F4723477EA6001A9824 /* SwivelGroupUITests */ = {
			isa = PBXNativeTarget;
			buildConfigurationList = BB517F5723477EA6001A9824 /* Build configuration list for PBXNativeTarget "SwivelGroupUITests" */;
			buildPhases = (
				C508E099CD308D0D2286801D /* [CP] Check Pods Manifest.lock */,
				BB517F4423477EA6001A9824 /* Sources */,
				BB517F4523477EA6001A9824 /* Frameworks */,
				BB517F4623477EA6001A9824 /* Resources */,
			);
			buildRules = (
			);
			dependencies = (
				BB517F4A23477EA6001A9824 /* PBXTargetDependency */,
			);
			name = SwivelGroupUITests;
			productName = SwivelGroupUITests;
			productReference = BB517F4823477EA6001A9824 /* SwivelGroupUITests.xctest */;
			productType = "com.apple.product-type.bundle.ui-testing";
		};
/* End PBXNativeTarget section */

/* Begin PBXProject section */
		BB517F1E23477EA5001A9824 /* Project object */ = {
			isa = PBXProject;
			attributes = {
				LastSwiftUpdateCheck = 1020;
				LastUpgradeCheck = 1020;
				ORGANIZATIONNAME = "Malsha Parani";
				TargetAttributes = {
					BB517F2523477EA5001A9824 = {
						CreatedOnToolsVersion = 10.2.1;
					};
					BB517F3C23477EA6001A9824 = {
						CreatedOnToolsVersion = 10.2.1;
						TestTargetID = BB517F2523477EA5001A9824;
					};
					BB517F4723477EA6001A9824 = {
						CreatedOnToolsVersion = 10.2.1;
						TestTargetID = BB517F2523477EA5001A9824;
					};
				};
			};
			buildConfigurationList = BB517F2123477EA5001A9824 /* Build configuration list for PBXProject "SwivelGroup" */;
			compatibilityVersion = "Xcode 9.3";
			developmentRegion = en;
			hasScannedForEncodings = 0;
			knownRegions = (
				en,
				Base,
			);
			mainGroup = BB517F1D23477EA5001A9824;
			productRefGroup = BB517F2723477EA5001A9824 /* Products */;
			projectDirPath = "";
			projectRoot = "";
			targets = (
				BB517F2523477EA5001A9824 /* SwivelGroup */,
				BB517F3C23477EA6001A9824 /* SwivelGroupTests */,
				BB517F4723477EA6001A9824 /* SwivelGroupUITests */,
			);
		};
/* End PBXProject section */

/* Begin PBXResourcesBuildPhase section */
		BB517F2423477EA5001A9824 /* Resources */ = {
			isa = PBXResourcesBuildPhase;
			buildActionMask = 2147483647;
			files = (
				BB517F3723477EA6001A9824 /* LaunchScreen.storyboard in Resources */,
				BB517F3423477EA6001A9824 /* Assets.xcassets in Resources */,
				BB517F2F23477EA5001A9824 /* Main.storyboard in Resources */,
			);
			runOnlyForDeploymentPostprocessing = 0;
		};
		BB517F3B23477EA6001A9824 /* Resources */ = {
			isa = PBXResourcesBuildPhase;
			buildActionMask = 2147483647;
			files = (
			);
			runOnlyForDeploymentPostprocessing = 0;
		};
		BB517F4623477EA6001A9824 /* Resources */ = {
			isa = PBXResourcesBuildPhase;
			buildActionMask = 2147483647;
			files = (
			);
			runOnlyForDeploymentPostprocessing = 0;
		};
/* End PBXResourcesBuildPhase section */

/* Begin PBXShellScriptBuildPhase section */
		649DBAECCBB9138A9EE15D74 /* [CP] Check Pods Manifest.lock */ = {
			isa = PBXShellScriptBuildPhase;
			buildActionMask = 2147483647;
			files = (
			);
			inputFileListPaths = (
			);
			inputPaths = (
				"${PODS_PODFILE_DIR_PATH}/Podfile.lock",
				"${PODS_ROOT}/Manifest.lock",
			);
			name = "[CP] Check Pods Manifest.lock";
			outputFileListPaths = (
			);
			outputPaths = (
				"$(DERIVED_FILE_DIR)/Pods-SwivelGroup-checkManifestLockResult.txt",
			);
			runOnlyForDeploymentPostprocessing = 0;
			shellPath = /bin/sh;
			shellScript = "diff \"${PODS_PODFILE_DIR_PATH}/Podfile.lock\" \"${PODS_ROOT}/Manifest.lock\" > /dev/null\nif [ $? != 0 ] ; then\n    # print error to STDERR\n    echo \"error: The sandbox is not in sync with the Podfile.lock. Run 'pod install' or update your CocoaPods installation.\" >&2\n    exit 1\nfi\n# This output is used by Xcode 'outputs' to avoid re-running this script phase.\necho \"SUCCESS\" > \"${SCRIPT_OUTPUT_FILE_0}\"\n";
			showEnvVarsInLog = 0;
		};
		9F7512D7962A07F386AA80A4 /* [CP] Check Pods Manifest.lock */ = {
			isa = PBXShellScriptBuildPhase;
			buildActionMask = 2147483647;
			files = (
			);
			inputFileListPaths = (
			);
			inputPaths = (
				"${PODS_PODFILE_DIR_PATH}/Podfile.lock",
				"${PODS_ROOT}/Manifest.lock",
			);
			name = "[CP] Check Pods Manifest.lock";
			outputFileListPaths = (
			);
			outputPaths = (
				"$(DERIVED_FILE_DIR)/Pods-SwivelGroupTests-checkManifestLockResult.txt",
			);
			runOnlyForDeploymentPostprocessing = 0;
			shellPath = /bin/sh;
			shellScript = "diff \"${PODS_PODFILE_DIR_PATH}/Podfile.lock\" \"${PODS_ROOT}/Manifest.lock\" > /dev/null\nif [ $? != 0 ] ; then\n    # print error to STDERR\n    echo \"error: The sandbox is not in sync with the Podfile.lock. Run 'pod install' or update your CocoaPods installation.\" >&2\n    exit 1\nfi\n# This output is used by Xcode 'outputs' to avoid re-running this script phase.\necho \"SUCCESS\" > \"${SCRIPT_OUTPUT_FILE_0}\"\n";
			showEnvVarsInLog = 0;
		};
		C508E099CD308D0D2286801D /* [CP] Check Pods Manifest.lock */ = {
			isa = PBXShellScriptBuildPhase;
			buildActionMask = 2147483647;
			files = (
			);
			inputFileListPaths = (
			);
			inputPaths = (
				"${PODS_PODFILE_DIR_PATH}/Podfile.lock",
				"${PODS_ROOT}/Manifest.lock",
			);
			name = "[CP] Check Pods Manifest.lock";
			outputFileListPaths = (
			);
			outputPaths = (
				"$(DERIVED_FILE_DIR)/Pods-SwivelGroupUITests-checkManifestLockResult.txt",
			);
			runOnlyForDeploymentPostprocessing = 0;
			shellPath = /bin/sh;
			shellScript = "diff \"${PODS_PODFILE_DIR_PATH}/Podfile.lock\" \"${PODS_ROOT}/Manifest.lock\" > /dev/null\nif [ $? != 0 ] ; then\n    # print error to STDERR\n    echo \"error: The sandbox is not in sync with the Podfile.lock. Run 'pod install' or update your CocoaPods installation.\" >&2\n    exit 1\nfi\n# This output is used by Xcode 'outputs' to avoid re-running this script phase.\necho \"SUCCESS\" > \"${SCRIPT_OUTPUT_FILE_0}\"\n";
			showEnvVarsInLog = 0;
		};
		C601F95CCA38949484A45B1F /* [CP] Embed Pods Frameworks */ = {
			isa = PBXShellScriptBuildPhase;
			buildActionMask = 2147483647;
			files = (
			);
			inputFileListPaths = (
				"${PODS_ROOT}/Target Support Files/Pods-SwivelGroup/Pods-SwivelGroup-frameworks-${CONFIGURATION}-input-files.xcfilelist",
			);
			name = "[CP] Embed Pods Frameworks";
			outputFileListPaths = (
				"${PODS_ROOT}/Target Support Files/Pods-SwivelGroup/Pods-SwivelGroup-frameworks-${CONFIGURATION}-output-files.xcfilelist",
			);
			runOnlyForDeploymentPostprocessing = 0;
			shellPath = /bin/sh;
			shellScript = "\"${PODS_ROOT}/Target Support Files/Pods-SwivelGroup/Pods-SwivelGroup-frameworks.sh\"\n";
			showEnvVarsInLog = 0;
		};
/* End PBXShellScriptBuildPhase section */

/* Begin PBXSourcesBuildPhase section */
		BB517F2223477EA5001A9824 /* Sources */ = {
			isa = PBXSourcesBuildPhase;
			buildActionMask = 2147483647;
			files = (
				BB517F622347A88A001A9824 /* WebCommunicator.swift in Sources */,
				BB517F662347AB65001A9824 /* DetailNewsViewController.swift in Sources */,
				BB517F6B2348D2E9001A9824 /* DatabaseFunctions.swift in Sources */,
				BB517F3223477EA5001A9824 /* SwivelGroup.xcdatamodeld in Sources */,
				BB517F2C23477EA5001A9824 /* ViewController.swift in Sources */,
				BB517F692347AE73001A9824 /* DetailWebViewController.swift in Sources */,
				BB517F2A23477EA5001A9824 /* AppDelegate.swift in Sources */,
				BB517F642347A8D9001A9824 /* RealmDataBase.swift in Sources */,
				BB517F602347A86B001A9824 /* ServiceRequestorDelegate.swift in Sources */,
				BB517F5E2347A852001A9824 /* WebHelper.swift in Sources */,
				BB517F5C2347A814001A9824 /* Constant.swift in Sources */,
			);
			runOnlyForDeploymentPostprocessing = 0;
		};
		BB517F3923477EA6001A9824 /* Sources */ = {
			isa = PBXSourcesBuildPhase;
			buildActionMask = 2147483647;
			files = (
				BB517F4223477EA6001A9824 /* SwivelGroupTests.swift in Sources */,
			);
			runOnlyForDeploymentPostprocessing = 0;
		};
		BB517F4423477EA6001A9824 /* Sources */ = {
			isa = PBXSourcesBuildPhase;
			buildActionMask = 2147483647;
			files = (
				BB517F4D23477EA6001A9824 /* SwivelGroupUITests.swift in Sources */,
			);
			runOnlyForDeploymentPostprocessing = 0;
		};
/* End PBXSourcesBuildPhase section */

/* Begin PBXTargetDependency section */
		BB517F3F23477EA6001A9824 /* PBXTargetDependency */ = {
			isa = PBXTargetDependency;
			target = BB517F2523477EA5001A9824 /* SwivelGroup */;
			targetProxy = BB517F3E23477EA6001A9824 /* PBXContainerItemProxy */;
		};
		BB517F4A23477EA6001A9824 /* PBXTargetDependency */ = {
			isa = PBXTargetDependency;
			target = BB517F2523477EA5001A9824 /* SwivelGroup */;
			targetProxy = BB517F4923477EA6001A9824 /* PBXContainerItemProxy */;
		};
/* End PBXTargetDependency section */

/* Begin PBXVariantGroup section */
		BB517F2D23477EA5001A9824 /* Main.storyboard */ = {
			isa = PBXVariantGroup;
			children = (
				BB517F2E23477EA5001A9824 /* Base */,
			);
			name = Main.storyboard;
			sourceTree = "<group>";
		};
		BB517F3523477EA6001A9824 /* LaunchScreen.storyboard */ = {
			isa = PBXVariantGroup;
			children = (
				BB517F3623477EA6001A9824 /* Base */,
			);
			name = LaunchScreen.storyboard;
			sourceTree = "<group>";
		};
/* End PBXVariantGroup section */

/* Begin XCBuildConfiguration section */
		BB517F4F23477EA6001A9824 /* Debug */ = {
			isa = XCBuildConfiguration;
			buildSettings = {
				ALWAYS_SEARCH_USER_PATHS = NO;
				CLANG_ANALYZER_NONNULL = YES;
				CLANG_ANALYZER_NUMBER_OBJECT_CONVERSION = YES_AGGRESSIVE;
				CLANG_CXX_LANGUAGE_STANDARD = "gnu++14";
				CLANG_CXX_LIBRARY = "libc++";
				CLANG_ENABLE_MODULES = YES;
				CLANG_ENABLE_OBJC_ARC = YES;
				CLANG_ENABLE_OBJC_WEAK = YES;
				CLANG_WARN_BLOCK_CAPTURE_AUTORELEASING = YES;
				CLANG_WARN_BOOL_CONVERSION = YES;
				CLANG_WARN_COMMA = YES;
				CLANG_WARN_CONSTANT_CONVERSION = YES;
				CLANG_WARN_DEPRECATED_OBJC_IMPLEMENTATIONS = YES;
				CLANG_WARN_DIRECT_OBJC_ISA_USAGE = YES_ERROR;
				CLANG_WARN_DOCUMENTATION_COMMENTS = YES;
				CLANG_WARN_EMPTY_BODY = YES;
				CLANG_WARN_ENUM_CONVERSION = YES;
				CLANG_WARN_INFINITE_RECURSION = YES;
				CLANG_WARN_INT_CONVERSION = YES;
				CLANG_WARN_NON_LITERAL_NULL_CONVERSION = YES;
				CLANG_WARN_OBJC_IMPLICIT_RETAIN_SELF = YES;
				CLANG_WARN_OBJC_LITERAL_CONVERSION = YES;
				CLANG_WARN_OBJC_ROOT_CLASS = YES_ERROR;
				CLANG_WARN_RANGE_LOOP_ANALYSIS = YES;
				CLANG_WARN_STRICT_PROTOTYPES = YES;
				CLANG_WARN_SUSPICIOUS_MOVE = YES;
				CLANG_WARN_UNGUARDED_AVAILABILITY = YES_AGGRESSIVE;
				CLANG_WARN_UNREACHABLE_CODE = YES;
				CLANG_WARN__DUPLICATE_METHOD_MATCH = YES;
				CODE_SIGN_IDENTITY = "iPhone Developer";
				COPY_PHASE_STRIP = NO;
				DEBUG_INFORMATION_FORMAT = dwarf;
				ENABLE_STRICT_OBJC_MSGSEND = YES;
				ENABLE_TESTABILITY = YES;
				GCC_C_LANGUAGE_STANDARD = gnu11;
				GCC_DYNAMIC_NO_PIC = NO;
				GCC_NO_COMMON_BLOCKS = YES;
				GCC_OPTIMIZATION_LEVEL = 0;
				GCC_PREPROCESSOR_DEFINITIONS = (
					"DEBUG=1",
					"$(inherited)",
				);
				GCC_WARN_64_TO_32_BIT_CONVERSION = YES;
				GCC_WARN_ABOUT_RETURN_TYPE = YES_ERROR;
				GCC_WARN_UNDECLARED_SELECTOR = YES;
				GCC_WARN_UNINITIALIZED_AUTOS = YES_AGGRESSIVE;
				GCC_WARN_UNUSED_FUNCTION = YES;
				GCC_WARN_UNUSED_VARIABLE = YES;
				IPHONEOS_DEPLOYMENT_TARGET = 12.2;
				MTL_ENABLE_DEBUG_INFO = INCLUDE_SOURCE;
				MTL_FAST_MATH = YES;
				ONLY_ACTIVE_ARCH = YES;
				SDKROOT = iphoneos;
				SWIFT_ACTIVE_COMPILATION_CONDITIONS = DEBUG;
				SWIFT_OPTIMIZATION_LEVEL = "-Onone";
			};
			name = Debug;
		};
		BB517F5023477EA6001A9824 /* Release */ = {
			isa = XCBuildConfiguration;
			buildSettings = {
				ALWAYS_SEARCH_USER_PATHS = NO;
				CLANG_ANALYZER_NONNULL = YES;
				CLANG_ANALYZER_NUMBER_OBJECT_CONVERSION = YES_AGGRESSIVE;
				CLANG_CXX_LANGUAGE_STANDARD = "gnu++14";
				CLANG_CXX_LIBRARY = "libc++";
				CLANG_ENABLE_MODULES = YES;
				CLANG_ENABLE_OBJC_ARC = YES;
				CLANG_ENABLE_OBJC_WEAK = YES;
				CLANG_WARN_BLOCK_CAPTURE_AUTORELEASING = YES;
				CLANG_WARN_BOOL_CONVERSION = YES;
				CLANG_WARN_COMMA = YES;
				CLANG_WARN_CONSTANT_CONVERSION = YES;
				CLANG_WARN_DEPRECATED_OBJC_IMPLEMENTATIONS = YES;
				CLANG_WARN_DIRECT_OBJC_ISA_USAGE = YES_ERROR;
				CLANG_WARN_DOCUMENTATION_COMMENTS = YES;
				CLANG_WARN_EMPTY_BODY = YES;
				CLANG_WARN_ENUM_CONVERSION = YES;
				CLANG_WARN_INFINITE_RECURSION = YES;
				CLANG_WARN_INT_CONVERSION = YES;
				CLANG_WARN_NON_LITERAL_NULL_CONVERSION = YES;
				CLANG_WARN_OBJC_IMPLICIT_RETAIN_SELF = YES;
				CLANG_WARN_OBJC_LITERAL_CONVERSION = YES;
				CLANG_WARN_OBJC_ROOT_CLASS = YES_ERROR;
				CLANG_WARN_RANGE_LOOP_ANALYSIS = YES;
				CLANG_WARN_STRICT_PROTOTYPES = YES;
				CLANG_WARN_SUSPICIOUS_MOVE = YES;
				CLANG_WARN_UNGUARDED_AVAILABILITY = YES_AGGRESSIVE;
				CLANG_WARN_UNREACHABLE_CODE = YES;
				CLANG_WARN__DUPLICATE_METHOD_MATCH = YES;
				CODE_SIGN_IDENTITY = "iPhone Developer";
				COPY_PHASE_STRIP = NO;
				DEBUG_INFORMATION_FORMAT = "dwarf-with-dsym";
				ENABLE_NS_ASSERTIONS = NO;
				ENABLE_STRICT_OBJC_MSGSEND = YES;
				GCC_C_LANGUAGE_STANDARD = gnu11;
				GCC_NO_COMMON_BLOCKS = YES;
				GCC_WARN_64_TO_32_BIT_CONVERSION = YES;
				GCC_WARN_ABOUT_RETURN_TYPE = YES_ERROR;
				GCC_WARN_UNDECLARED_SELECTOR = YES;
				GCC_WARN_UNINITIALIZED_AUTOS = YES_AGGRESSIVE;
				GCC_WARN_UNUSED_FUNCTION = YES;
				GCC_WARN_UNUSED_VARIABLE = YES;
				IPHONEOS_DEPLOYMENT_TARGET = 12.2;
				MTL_ENABLE_DEBUG_INFO = NO;
				MTL_FAST_MATH = YES;
				SDKROOT = iphoneos;
				SWIFT_COMPILATION_MODE = wholemodule;
				SWIFT_OPTIMIZATION_LEVEL = "-O";
				VALIDATE_PRODUCT = YES;
			};
			name = Release;
		};
		BB517F5223477EA6001A9824 /* Debug */ = {
			isa = XCBuildConfiguration;
			baseConfigurationReference = 28E8989E427A86A91EB43756 /* Pods-SwivelGroup.debug.xcconfig */;
			buildSettings = {
				ASSETCATALOG_COMPILER_APPICON_NAME = AppIcon;
				CODE_SIGN_STYLE = Automatic;
				INFOPLIST_FILE = SwivelGroup/Info.plist;
				LD_RUNPATH_SEARCH_PATHS = (
					"$(inherited)",
					"@executable_path/Frameworks",
				);
				PRODUCT_BUNDLE_IDENTIFIER = com.test.SwivelGroup;
				PRODUCT_NAME = "$(TARGET_NAME)";
				SWIFT_VERSION = 5.0;
				TARGETED_DEVICE_FAMILY = "1,2";
			};
			name = Debug;
		};
		BB517F5323477EA6001A9824 /* Release */ = {
			isa = XCBuildConfiguration;
			baseConfigurationReference = A1B8D93D9D30BFA62B1B0987 /* Pods-SwivelGroup.release.xcconfig */;
			buildSettings = {
				ASSETCATALOG_COMPILER_APPICON_NAME = AppIcon;
				CODE_SIGN_STYLE = Automatic;
				INFOPLIST_FILE = SwivelGroup/Info.plist;
				LD_RUNPATH_SEARCH_PATHS = (
					"$(inherited)",
					"@executable_path/Frameworks",
				);
				PRODUCT_BUNDLE_IDENTIFIER = com.test.SwivelGroup;
				PRODUCT_NAME = "$(TARGET_NAME)";
				SWIFT_VERSION = 5.0;
				TARGETED_DEVICE_FAMILY = "1,2";
			};
			name = Release;
		};
		BB517F5523477EA6001A9824 /* Debug */ = {
			isa = XCBuildConfiguration;
			baseConfigurationReference = CEAD8E51632D3F3446654E52 /* Pods-SwivelGroupTests.debug.xcconfig */;
			buildSettings = {
				ALWAYS_EMBED_SWIFT_STANDARD_LIBRARIES = YES;
				BUNDLE_LOADER = "$(TEST_HOST)";
				CODE_SIGN_STYLE = Automatic;
				INFOPLIST_FILE = SwivelGroupTests/Info.plist;
				LD_RUNPATH_SEARCH_PATHS = (
					"$(inherited)",
					"@executable_path/Frameworks",
					"@loader_path/Frameworks",
				);
				PRODUCT_BUNDLE_IDENTIFIER = com.test.SwivelGroupTests;
				PRODUCT_NAME = "$(TARGET_NAME)";
				SWIFT_VERSION = 5.0;
				TARGETED_DEVICE_FAMILY = "1,2";
				TEST_HOST = "$(BUILT_PRODUCTS_DIR)/SwivelGroup.app/SwivelGroup";
			};
			name = Debug;
		};
		BB517F5623477EA6001A9824 /* Release */ = {
			isa = XCBuildConfiguration;
			baseConfigurationReference = 7EE19910ED6C185053D6A791 /* Pods-SwivelGroupTests.release.xcconfig */;
			buildSettings = {
				ALWAYS_EMBED_SWIFT_STANDARD_LIBRARIES = YES;
				BUNDLE_LOADER = "$(TEST_HOST)";
				CODE_SIGN_STYLE = Automatic;
				INFOPLIST_FILE = SwivelGroupTests/Info.plist;
				LD_RUNPATH_SEARCH_PATHS = (
					"$(inherited)",
					"@executable_path/Frameworks",
					"@loader_path/Frameworks",
				);
				PRODUCT_BUNDLE_IDENTIFIER = com.test.SwivelGroupTests;
				PRODUCT_NAME = "$(TARGET_NAME)";
				SWIFT_VERSION = 5.0;
				TARGETED_DEVICE_FAMILY = "1,2";
				TEST_HOST = "$(BUILT_PRODUCTS_DIR)/SwivelGroup.app/SwivelGroup";
			};
			name = Release;
		};
		BB517F5823477EA6001A9824 /* Debug */ = {
			isa = XCBuildConfiguration;
			baseConfigurationReference = 05EDD2AE20812C96F28EE3A6 /* Pods-SwivelGroupUITests.debug.xcconfig */;
			buildSettings = {
				ALWAYS_EMBED_SWIFT_STANDARD_LIBRARIES = YES;
				CODE_SIGN_STYLE = Automatic;
				INFOPLIST_FILE = SwivelGroupUITests/Info.plist;
				LD_RUNPATH_SEARCH_PATHS = (
					"$(inherited)",
					"@executable_path/Frameworks",
					"@loader_path/Frameworks",
				);
				PRODUCT_BUNDLE_IDENTIFIER = com.test.SwivelGroupUITests;
				PRODUCT_NAME = "$(TARGET_NAME)";
				SWIFT_VERSION = 5.0;
				TARGETED_DEVICE_FAMILY = "1,2";
				TEST_TARGET_NAME = SwivelGroup;
			};
			name = Debug;
		};
		BB517F5923477EA6001A9824 /* Release */ = {
			isa = XCBuildConfiguration;
			baseConfigurationReference = 8AFCF525C7CDF70F03A0740F /* Pods-SwivelGroupUITests.release.xcconfig */;
			buildSettings = {
				ALWAYS_EMBED_SWIFT_STANDARD_LIBRARIES = YES;
				CODE_SIGN_STYLE = Automatic;
				INFOPLIST_FILE = SwivelGroupUITests/Info.plist;
				LD_RUNPATH_SEARCH_PATHS = (
					"$(inherited)",
					"@executable_path/Frameworks",
					"@loader_path/Frameworks",
				);
				PRODUCT_BUNDLE_IDENTIFIER = com.test.SwivelGroupUITests;
				PRODUCT_NAME = "$(TARGET_NAME)";
				SWIFT_VERSION = 5.0;
				TARGETED_DEVICE_FAMILY = "1,2";
				TEST_TARGET_NAME = SwivelGroup;
			};
			name = Release;
		};
/* End XCBuildConfiguration section */

/* Begin XCConfigurationList section */
		BB517F2123477EA5001A9824 /* Build configuration list for PBXProject "SwivelGroup" */ = {
			isa = XCConfigurationList;
			buildConfigurations = (
				BB517F4F23477EA6001A9824 /* Debug */,
				BB517F5023477EA6001A9824 /* Release */,
			);
			defaultConfigurationIsVisible = 0;
			defaultConfigurationName = Release;
		};
		BB517F5123477EA6001A9824 /* Build configuration list for PBXNativeTarget "SwivelGroup" */ = {
			isa = XCConfigurationList;
			buildConfigurations = (
				BB517F5223477EA6001A9824 /* Debug */,
				BB517F5323477EA6001A9824 /* Release */,
			);
			defaultConfigurationIsVisible = 0;
			defaultConfigurationName = Release;
		};
		BB517F5423477EA6001A9824 /* Build configuration list for PBXNativeTarget "SwivelGroupTests" */ = {
			isa = XCConfigurationList;
			buildConfigurations = (
				BB517F5523477EA6001A9824 /* Debug */,
				BB517F5623477EA6001A9824 /* Release */,
			);
			defaultConfigurationIsVisible = 0;
			defaultConfigurationName = Release;
		};
		BB517F5723477EA6001A9824 /* Build configuration list for PBXNativeTarget "SwivelGroupUITests" */ = {
			isa = XCConfigurationList;
			buildConfigurations = (
				BB517F5823477EA6001A9824 /* Debug */,
				BB517F5923477EA6001A9824 /* Release */,
			);
			defaultConfigurationIsVisible = 0;
			defaultConfigurationName = Release;
		};
/* End XCConfigurationList section */

/* Begin XCVersionGroup section */
		BB517F3023477EA5001A9824 /* SwivelGroup.xcdatamodeld */ = {
			isa = XCVersionGroup;
			children = (
				BB517F3123477EA5001A9824 /* SwivelGroup.xcdatamodel */,
			);
			currentVersion = BB517F3123477EA5001A9824 /* SwivelGroup.xcdatamodel */;
			path = SwivelGroup.xcdatamodeld;
			sourceTree = "<group>";
			versionGroupType = wrapper.xcdatamodel;
		};
/* End XCVersionGroup section */
	};
	rootObject = BB517F1E23477EA5001A9824 /* Project object */;
}
